
Microsoft Visual Studio Solution File, Format Version 12.00
# Visual Studio Version 16
VisualStudioVersion = 16.0.31702.278
MinimumVisualStudioVersion = 10.0.40219.1
Project("{8BC9CEB8-8B4A-11D0-8D11-00A0C91BC942}") = "maze", "maze\maze.vcxproj", "{54DBE872-8CB9-4752-9767-5EB1EFC2E1AC}"
EndProject
Global
	GlobalSection(SolutionConfigurationPlatforms) = preSolution
		Debug|x64 = Debug|x64
		Debug|x86 = Debug|x86
		Release|x64 = Release|x64
		Release|x86 = Release|x86
	EndGlobalSection
	GlobalSection(ProjectConfigurationPlatforms) = postSolution
		{54DBE872-8CB9-4752-9767-5EB1EFC2E1AC}.Debug|x64.ActiveCfg = Debug|x64
		{54DBE872-8CB9-4752-9767-5EB1EFC2E1AC}.Debug|x64.Build.0 = Debug|x64
		{54DBE872-8CB9-4752-9767-5EB1EFC2E1AC}.Debug|x86.ActiveCfg = Debug|Win32
		{54DBE872-8CB9-4752-9767-5EB1EFC2E1AC}.Debug|x86.Build.0 = Debug|Win32
		{54DBE872-8CB9-4752-9767-5EB1EFC2E1AC}.Release|x64.ActiveCfg = Release|x64
		{54DBE872-8CB9-4752-9767-5EB1EFC2E1AC}.Release|x64.Build.0 = Release|x64
		{54DBE872-8CB9-4752-9767-5EB1EFC2E1AC}.Release|x86.ActiveCfg = Release|Win32
		{54DBE872-8CB9-4752-9767-5EB1EFC2E1AC}.Release|x86.Build.0 = Release|Win32
	EndGlobalSection
	GlobalSection(SolutionProperties) = preSolution
		HideSolutionNode = FALSE
	EndGlobalSection
	GlobalSection(ExtensibilityGlobals) = postSolution
		SolutionGuid = {11873FE8-3EF9-4E94-A956-F76AAF449DBD}
	EndGlobalSection
EndGlobal
